{
  "requires": true,
  "lockfileVersion": 1,
  "dependencies": {
    "@algolia/cache-browser-local-storage": {
      "version": "4.0.3",
      "resolved": "https://registry.npmjs.org/@algolia/cache-browser-local-storage/-/cache-browser-local-storage-4.0.3.tgz",
      "integrity": "sha512-iHzUP7ZP09Cd48aAu58OnERchgdho/5l12YoL70AXLeDmyu/ZTENuGHiSwM2NHFE+nM4naH0N9krxtVf3/5HSg==",
      "requires": {
        "@algolia/cache-common": "4.0.3"
      }
    },
    "@algolia/cache-common": {
      "version": "4.0.3",
      "resolved": "https://registry.npmjs.org/@algolia/cache-common/-/cache-common-4.0.3.tgz",
      "integrity": "sha512-5XwhDpT3bxbLc/NRJayNN7Yfj9UrqZERKjcwv2D1nl3DFa55St9czspbU9XaDns3NhyPY5XipBYJEafWa8NtVA=="
    },
    "@algolia/cache-in-memory": {
      "version": "4.0.3",
      "resolved": "https://registry.npmjs.org/@algolia/cache-in-memory/-/cache-in-memory-4.0.3.tgz",
      "integrity": "sha512-2eiyV+2oYbpErHNKzcITblVuw2K0qVyFfWxpSQVg5TUWg+PrEfvxAa3oDpcFvkvw/E4lIdvwt2AG8e5ldI11qQ==",
      "requires": {
        "@algolia/cache-common": "4.0.3"
      }
    },
    "@algolia/client-account": {
      "version": "4.0.3",
      "resolved": "https://registry.npmjs.org/@algolia/client-account/-/client-account-4.0.3.tgz",
      "integrity": "sha512-qMdMD746HjzqGUH+M5yDdinPzDwLK7HSLoyfZqCDaqZD4oxhI0pwvwyTnrSQ+LngWe9wMhu/l+uhipo0libilA==",
      "requires": {
        "@algolia/client-common": "4.0.3",
        "@algolia/client-search": "4.0.3",
        "@algolia/transporter": "4.0.3"
      }
    },
    "@algolia/client-analytics": {
      "version": "4.0.3",
      "resolved": "https://registry.npmjs.org/@algolia/client-analytics/-/client-analytics-4.0.3.tgz",
      "integrity": "sha512-y9J6iWowtvc5iKarIYi9FJC7QJJ0y06vvZI8Pa6UC99KyGEosxHiw8vVSlcWdz48nVbDpqvszD/ocpnU1eoGFQ==",
      "requires": {
        "@algolia/client-common": "4.0.3",
        "@algolia/client-search": "4.0.3",
        "@algolia/requester-common": "4.0.3",
        "@algolia/transporter": "4.0.3"
      }
    },
    "@algolia/client-common": {
      "version": "4.0.3",
      "resolved": "https://registry.npmjs.org/@algolia/client-common/-/client-common-4.0.3.tgz",
      "integrity": "sha512-pAuPT0LH/k0HB1ZfNBbfylPApruVenxn1EZWYDJcuEWkXe8yde+rTOA1355C6M2oz8khEYxKHoCckGUlz6WKSw==",
      "requires": {
        "@algolia/requester-common": "4.0.3",
        "@algolia/transporter": "4.0.3"
      }
    },
    "@algolia/client-recommendation": {
      "version": "4.0.3",
      "resolved": "https://registry.npmjs.org/@algolia/client-recommendation/-/client-recommendation-4.0.3.tgz",
      "integrity": "sha512-svki0hByAMPCEJhzU//6qCpEPt2e7HABMmWVybHX+fxElBnJrYkLu5lukRX6xZYyCtqob5EMWUIOVpFUSsfe+A==",
      "requires": {
        "@algolia/client-common": "4.0.3",
        "@algolia/requester-common": "4.0.3",
        "@algolia/transporter": "4.0.3"
      }
    },
    "@algolia/client-search": {
      "version": "4.0.3",
      "resolved": "https://registry.npmjs.org/@algolia/client-search/-/client-search-4.0.3.tgz",
      "integrity": "sha512-Q4XE9SlQuxJQfOxOZA4u1MA9H5xOu2TBjmlCBG4tOsUq79u6uK5w/qfIfzvorIg7PrItIC2eGTkykD8HmBkIEA==",
      "requires": {
        "@algolia/client-common": "4.0.3",
        "@algolia/requester-common": "4.0.3",
        "@algolia/transporter": "4.0.3"
      }
    },
    "@algolia/logger-common": {
      "version": "4.0.3",
      "resolved": "https://registry.npmjs.org/@algolia/logger-common/-/logger-common-4.0.3.tgz",
      "integrity": "sha512-DC7JiFc6cXQk6Ut5RS8M5ieBHtfUBBFmUXaJtloqcANNmAdFZnOcayIgRYz+fGXEkz2AzhObReN0vZ45BmiVBQ=="
    },
    "@algolia/logger-console": {
      "version": "4.0.3",
      "resolved": "https://registry.npmjs.org/@algolia/logger-console/-/logger-console-4.0.3.tgz",
      "integrity": "sha512-KXHXpwZ4cNsjC18GpwflBO/v9J/dW7bksnVmjaCCAdYKY2e1XnD5P8hCrYe2QIIwa6+HB9IB/5aYMtE4NNj3sg==",
      "requires": {
        "@algolia/logger-common": "4.0.3"
      }
    },
    "@algolia/requester-browser-xhr": {
      "version": "4.0.3",
      "resolved": "https://registry.npmjs.org/@algolia/requester-browser-xhr/-/requester-browser-xhr-4.0.3.tgz",
      "integrity": "sha512-cj4BBbuX7fLA5EJLkesfENY1Q9pSMpJuzvtvyy18jhPavMY2qL4Y9NFbQo03ENnmD2qnDfdIK17cJLa+QaINwg==",
      "requires": {
        "@algolia/requester-common": "4.0.3"
      }
    },
    "@algolia/requester-common": {
      "version": "4.0.3",
      "resolved": "https://registry.npmjs.org/@algolia/requester-common/-/requester-common-4.0.3.tgz",
      "integrity": "sha512-6zfTEW17a/S/M/rBtvMO37pHJ3eqXQorCsoCKpcJXE1gV16Yt8pB9HqylnepC+xv9bMgCn72YkfWmhrGjW/hkA=="
    },
    "@algolia/requester-node-http": {
      "version": "4.0.3",
      "resolved": "https://registry.npmjs.org/@algolia/requester-node-http/-/requester-node-http-4.0.3.tgz",
      "integrity": "sha512-TCddXMrfieNWDbQwxikOUZGJoYvN2MFCB+d8Yw3/RhwHasB4B5mWQ/8pvtgihlH13FILSVY1IB9ghC9SZBK6rw==",
      "requires": {
        "@algolia/requester-common": "4.0.3"
      }
    },
    "@algolia/transporter": {
      "version": "4.0.3",
      "resolved": "https://registry.npmjs.org/@algolia/transporter/-/transporter-4.0.3.tgz",
      "integrity": "sha512-ol6mXCL+DAGplpE5erN5Nrcq/aZLVxpQg6V5BK0fK0YDSiCCrucRpuwGW6SkxhlgdyGQbl/4s5hZJ+ucYpK+3w==",
      "requires": {
        "@algolia/cache-common": "4.0.3",
        "@algolia/logger-common": "4.0.3",
        "@algolia/requester-common": "4.0.3"
      }
    },
    "abbrev": {
      "version": "1.1.1",
      "resolved": "https://registry.npmjs.org/abbrev/-/abbrev-1.1.1.tgz",
      "integrity": "sha512-nne9/IiQ/hzIhY6pdDnbBtz7DjPTKrY00P/zvPSm5pOFkl6xuGrGnXn/VtTNNfNtAfZ9/1RtehkszU9qcTii0Q=="
    },
    "algoliasearch": {
      "version": "4.0.3",
      "resolved": "https://registry.npmjs.org/algoliasearch/-/algoliasearch-4.0.3.tgz",
      "integrity": "sha512-/4aFAPDoFGEDsx3c0ggKfRC1FeEdtM1HyWMwVe/wkHf/GH6CF67NFNIaBgkqt4i/SYAs92WL8B2Y8cDEMQGfGg==",
      "requires": {
        "@algolia/cache-browser-local-storage": "4.0.3",
        "@algolia/cache-common": "4.0.3",
        "@algolia/cache-in-memory": "4.0.3",
        "@algolia/client-account": "4.0.3",
        "@algolia/client-analytics": "4.0.3",
        "@algolia/client-common": "4.0.3",
        "@algolia/client-recommendation": "4.0.3",
        "@algolia/client-search": "4.0.3",
        "@algolia/logger-common": "4.0.3",
        "@algolia/logger-console": "4.0.3",
        "@algolia/requester-browser-xhr": "4.0.3",
        "@algolia/requester-common": "4.0.3",
        "@algolia/requester-node-http": "4.0.3",
        "@algolia/transporter": "4.0.3"
      }
    },
    "algoliasearch-helper": {
      "version": "2.28.1",
      "resolved": "https://registry.npmjs.org/algoliasearch-helper/-/algoliasearch-helper-2.28.1.tgz",
      "integrity": "sha512-4yg3anWdILD6ZJ/GxWmtu4HgxauSemhSqbe9Cx6SFdPzaMHrccew4IDomMeQlz9RHJwRgi5sEeX//jx2H/PaWg==",
      "requires": {
        "events": "^1.1.1",
        "lodash": "^4.17.5",
        "qs": "^6.5.1"
      }
    },
    "classnames": {
      "version": "2.2.6",
      "resolved": "https://registry.npmjs.org/classnames/-/classnames-2.2.6.tgz",
      "integrity": "sha512-JR/iSQOSt+LQIWwrwEzJ9uk0xfN3mTVYMwt1Ir5mUcSN6pU+V4zQFFaJsclJbPuAUQH+yfWef6tm7l1quW3C8Q=="
    },
    "define-properties": {
      "version": "1.1.3",
      "resolved": "https://registry.npmjs.org/define-properties/-/define-properties-1.1.3.tgz",
      "integrity": "sha512-3MqfYKj2lLzdMSf8ZIZE/V+Zuy+BgD6f164e8K2w7dgnpKArBDerGYpM46IYYcjnkdPNMjPk9A6VFB8+3SKlXQ==",
      "requires": {
        "object-keys": "^1.0.12"
      }
    },
    "events": {
      "version": "1.1.1",
      "resolved": "https://registry.npmjs.org/events/-/events-1.1.1.tgz",
      "integrity": "sha1-nr23Y1rQmccNzEwqH1AEKI6L2SQ="
    },
    "function-bind": {
      "version": "1.1.1",
      "resolved": "https://registry.npmjs.org/function-bind/-/function-bind-1.1.1.tgz",
      "integrity": "sha512-yIovAzMX49sF8Yl58fSCWJ5svSLuaibPxXQJFLmBObTuCr0Mf1KiPopGM9NiFjiYBCbfaa2Fh6breQ6ANVTI0A=="
    },
    "has-symbols": {
      "version": "1.0.1",
      "resolved": "https://registry.npmjs.org/has-symbols/-/has-symbols-1.0.1.tgz",
      "integrity": "sha512-PLcsoqu++dmEIZB+6totNFKq/7Do+Z0u4oT0zKOJNl3lYK6vGwwu2hjHs+68OEZbTjiUE9bgOABXbP/GvrS0Kg=="
    },
    "hogan.js": {
      "version": "3.0.2",
      "resolved": "https://registry.npmjs.org/hogan.js/-/hogan.js-3.0.2.tgz",
      "integrity": "sha1-TNnhq9QpQUbnZ55B14mHMrAse/0=",
      "requires": {
        "mkdirp": "0.3.0",
        "nopt": "1.0.10"
      }
    },
    "immutability-helper": {
      "version": "2.9.1",
      "resolved": "https://registry.npmjs.org/immutability-helper/-/immutability-helper-2.9.1.tgz",
      "integrity": "sha512-r/RmRG8xO06s/k+PIaif2r5rGc3j4Yhc01jSBfwPCXDLYZwp/yxralI37Df1mwmuzcCsen/E/ITKcTEvc1PQmQ==",
      "requires": {
        "invariant": "^2.2.0"
      }
    },
    "instantsearch.js": {
      "version": "3.7.0",
      "resolved": "https://registry.npmjs.org/instantsearch.js/-/instantsearch.js-3.7.0.tgz",
      "integrity": "sha512-Hkj72CP/Du7uR6R8N2IXo/JHiGU9Z/DwDbQcvRaLKWGd3fc4WjQpl1QPB2OUsoM0Ym0Zv1xjyYTmuU1VvGdySw==",
      "requires": {
        "algoliasearch-helper": "^2.26.0",
        "classnames": "^2.2.5",
        "events": "^1.1.0",
        "hogan.js": "^3.0.2",
        "preact": "^8.3.0",
        "preact-compat": "^3.18.0",
        "preact-rheostat": "^2.1.1",
        "prop-types": "^15.5.10",
        "qs": "^6.5.1"
      }
    },
    "invariant": {
      "version": "2.2.4",
      "resolved": "https://registry.npmjs.org/invariant/-/invariant-2.2.4.tgz",
      "integrity": "sha512-phJfQVBuaJM5raOpJjSfkiD6BpbCE4Ns//LaXl6wGYtUBY83nWS6Rf9tXm2e8VaK60JEjYldbPif/A2B1C2gNA==",
      "requires": {
        "loose-envify": "^1.0.0"
      }
    },
    "js-tokens": {
      "version": "4.0.0",
      "resolved": "https://registry.npmjs.org/js-tokens/-/js-tokens-4.0.0.tgz",
      "integrity": "sha512-RdJUflcE3cUzKiMqQgsCu06FPu9UdIJO0beYbPhHN4k6apgJtifcoCtT9bcxOpYBtpD2kCM6Sbzg4CausW/PKQ=="
    },
    "lodash": {
      "version": "4.17.15",
      "resolved": "https://registry.npmjs.org/lodash/-/lodash-4.17.15.tgz",
      "integrity": "sha512-8xOcRHvCjnocdS5cpwXQXVzmmh5e5+saE2QGoeQmbKmRS6J3VQppPOIt0MnmE+4xlZoumy0GPG0D0MVIQbNA1A=="
    },
    "loose-envify": {
      "version": "1.4.0",
      "resolved": "https://registry.npmjs.org/loose-envify/-/loose-envify-1.4.0.tgz",
      "integrity": "sha512-lyuxPGr/Wfhrlem2CL/UcnUc1zcqKAImBDzukY7Y5F/yQiNdko6+fRLevlw1HgMySw7f611UIY408EtxRSoK3Q==",
      "requires": {
        "js-tokens": "^3.0.0 || ^4.0.0"
      }
    },
    "mkdirp": {
      "version": "0.3.0",
      "resolved": "https://registry.npmjs.org/mkdirp/-/mkdirp-0.3.0.tgz",
      "integrity": "sha1-G79asbqCevI1dRQ0kEJkVfSB/h4="
    },
    "nopt": {
      "version": "1.0.10",
      "resolved": "https://registry.npmjs.org/nopt/-/nopt-1.0.10.tgz",
      "integrity": "sha1-bd0hvSoxQXuScn3Vhfim83YI6+4=",
      "requires": {
        "abbrev": "1"
      }
    },
    "object-assign": {
      "version": "4.1.1",
      "resolved": "https://registry.npmjs.org/object-assign/-/object-assign-4.1.1.tgz",
      "integrity": "sha1-IQmtx5ZYh8/AXLvUQsrIv7s2CGM="
    },
    "object-keys": {
      "version": "1.1.1",
      "resolved": "https://registry.npmjs.org/object-keys/-/object-keys-1.1.1.tgz",
      "integrity": "sha512-NuAESUOUMrlIXOfHKzD6bpPu3tYt3xvjNdRIQ+FeT0lNb4K8WR70CaDxhuNguS2XG+GjkyMwOzsN5ZktImfhLA=="
    },
    "object.assign": {
      "version": "4.1.0",
      "resolved": "https://registry.npmjs.org/object.assign/-/object.assign-4.1.0.tgz",
      "integrity": "sha512-exHJeq6kBKj58mqGyTQ9DFvrZC/eR6OwxzoM9YRoGBqrXYonaFyGiFMuc9VZrXf7DarreEwMpurG3dd+CNyW5w==",
      "requires": {
        "define-properties": "^1.1.2",
        "function-bind": "^1.1.1",
        "has-symbols": "^1.0.0",
        "object-keys": "^1.0.11"
      }
    },
    "preact": {
      "version": "8.5.3",
      "resolved": "https://registry.npmjs.org/preact/-/preact-8.5.3.tgz",
      "integrity": "sha512-O3kKP+1YdgqHOFsZF2a9JVdtqD+RPzCQc3rP+Ualf7V6rmRDchZ9MJbiGTT7LuyqFKZqlHSOyO/oMFmI2lVTsw=="
    },
    "preact-compat": {
      "version": "3.19.0",
      "resolved": "https://registry.npmjs.org/preact-compat/-/preact-compat-3.19.0.tgz",
      "integrity": "sha512-f83A4hIhH8Uzhb9GbIcGk8SM19ffWlwP9mDaYwQdRnMdekZwcCA7eIAbeV4EMQaV9C0Yuy8iKgBAtyTKPZQt/Q==",
      "requires": {
        "immutability-helper": "^2.7.1",
        "preact-context": "^1.1.3",
        "preact-render-to-string": "^3.8.2",
        "preact-transition-group": "^1.1.1",
        "prop-types": "^15.6.2",
        "standalone-react-addons-pure-render-mixin": "^0.1.1"
      }
    },
    "preact-context": {
      "version": "1.1.4",
      "resolved": "https://registry.npmjs.org/preact-context/-/preact-context-1.1.4.tgz",
      "integrity": "sha512-gcCjPJ65R0MiW9hDu8W/3WAmyTElIvwLyEO6oLQiM6/TbLKLxCpBCWV8GJjx52TTEyUr60HLDcmoCXZlslelzQ=="
    },
    "preact-render-to-string": {
      "version": "3.8.2",
      "resolved": "https://registry.npmjs.org/preact-render-to-string/-/preact-render-to-string-3.8.2.tgz",
      "integrity": "sha512-przuZPajiurStGgxMoJP0EJeC4xj5CgHv+M7GfF3YxAdhGgEWAkhOSE0xympAFN20uMayntBZpttIZqqLl77fw==",
      "requires": {
        "pretty-format": "^3.5.1"
      }
    },
    "preact-rheostat": {
      "version": "2.1.1",
      "resolved": "https://registry.npmjs.org/preact-rheostat/-/preact-rheostat-2.1.1.tgz",
      "integrity": "sha512-d03JgkpbjknALYl+zfNiJQ60sFd4A0YjnLCe/DB+rqKQck7jXpsW9RqSN0R50/lV8fEezhVCjq2WMPDDOKmwaA==",
      "requires": {
        "object.assign": "^4.0.4",
        "preact": "^8.2.5",
        "preact-compat": "^3.17.0",
        "prop-types": "^15.5.10"
      }
    },
    "preact-transition-group": {
      "version": "1.1.1",
      "resolved": "https://registry.npmjs.org/preact-transition-group/-/preact-transition-group-1.1.1.tgz",
      "integrity": "sha1-8KSTJ+pRXs406ivoZMSn0p5dbhA="
    },
    "pretty-format": {
      "version": "3.8.0",
      "resolved": "https://registry.npmjs.org/pretty-format/-/pretty-format-3.8.0.tgz",
      "integrity": "sha1-v77VbV6ad2ZF9LH/eqGjrE+jw4U="
    },
    "prop-types": {
      "version": "15.7.2",
      "resolved": "https://registry.npmjs.org/prop-types/-/prop-types-15.7.2.tgz",
      "integrity": "sha512-8QQikdH7//R2vurIJSutZ1smHYTcLpRWEOlHnzcWHmBYrOGUysKwSsrC89BCiFj3CbrfJ/nXFdJepOVrY1GCHQ==",
      "requires": {
        "loose-envify": "^1.4.0",
        "object-assign": "^4.1.1",
        "react-is": "^16.8.1"
      }
    },
    "qs": {
      "version": "6.9.1",
      "resolved": "https://registry.npmjs.org/qs/-/qs-6.9.1.tgz",
      "integrity": "sha512-Cxm7/SS/y/Z3MHWSxXb8lIFqgqBowP5JMlTUFyJN88y0SGQhVmZnqFK/PeuMX9LzUyWsqqhNxIyg0jlzq946yA=="
    },
    "react-is": {
      "version": "16.13.0",
      "resolved": "https://registry.npmjs.org/react-is/-/react-is-16.13.0.tgz",
      "integrity": "sha512-GFMtL0vHkiBv9HluwNZTggSn/sCyEt9n02aM0dSAjGGyqyNlAyftYm4phPxdvCigG15JreC5biwxCgTAJZ7yAA=="
    },
    "standalone-react-addons-pure-render-mixin": {
      "version": "0.1.1",
      "resolved": "https://registry.npmjs.org/standalone-react-addons-pure-render-mixin/-/standalone-react-addons-pure-render-mixin-0.1.1.tgz",
      "integrity": "sha1-PHQJ9MecQN6axyxhbPZ5qZTzdVE="
    },
    "vue-instantsearch": {
      "version": "2.7.0",
      "resolved": "https://registry.npmjs.org/vue-instantsearch/-/vue-instantsearch-2.7.0.tgz",
      "integrity": "sha512-K9UtJLF3nJfSUfE21V9BmKfhMTlPPB3yxqttC9exDrI6pKk+xcdmh0y4hkqljtAkjCsOYLHGP1r6iqoGN1U1Ww==",
      "requires": {
        "algoliasearch-helper": "^2.28.1",
        "instantsearch.js": "^3.6.0"
      }
    }
  }
}
